version = 1
revision = 3
requires-python = ">=3.12"

[[package]]
name = "colorama"
version = "0.4.6"
source = { registry = "https://pypi.org/simple" }
sdist = { url = "https://files.pythonhosted.org/packages/d8/53/6f443c9a4a8358a93a6792e2acffb9d9d5cb0a5cfd8802644b7b1c9a02e4/colorama-0.4.6.tar.gz", hash = "sha256:08695f5cb7ed6e0531a20572697297273c47b8cae5a63ffc6d6ed5c201be6e44", size = 27697, upload-time = "2022-10-25T02:36:22.414Z" }
wheels = [
    { url = "https://files.pythonhosted.org/packages/d1/d6/3965ed04c63042e047cb6a3e6ed1a63a35087b6a609aa3a15ed8ac56c221/colorama-0.4.6-py2.py3-none-any.whl", hash = "sha256:4f1d9991f5acc0ca119f9d443620b77f9d6b33703e51011c16baf57afb285fc6", size = 25335, upload-time = "2022-10-25T02:36:20.889Z" },
]

[[package]]
name = "grpcio"
version = "1.83.0"
source = { registry = "https://pypi.org/simple" }
dependencies = [
    { name = "typing-extensions" },
]
sdist = { url = "https://files.pythonhosted.org/packages/0c/98/304898ac4e04e2d5e4e4c2eadc178b1f2a16d5f4bc2f91306c87d64680b9/grpcio-1.83.0.tar.gz", hash = "sha256:7674587248fbbb2ac6e4eecf83a8a0f3d91a928f941de571acfd3a2f007fbc24", size = 13428824, upload-time = "2026-07-23T15:20:37.759Z" }
wheels = [
    { url = "https://files.pythonhosted.org/packages/15/2b/51e32514a4e9b715375c99721aadff0f24164cc2049b8269eda4de82a814/grpcio-1.83.0-cp312-cp312-linux_armv7l.whl", hash = "sha256:28f6c35ac8fcf10e4594f138e468f194360089dde40d126a7033e863fc479930", size = 6303167, upload-time = "2026-07-23T15:19:33.78Z" },
    { url = "https://files.pythonhosted.org/packages/39/33/b5b50fc2c6fbe350e04814047bb2d409feec7b36ef8b170254c050e06bc0/grpcio-1.83.0-cp312-cp312-macosx_11_0_universal2.whl", hash = "sha256:33898e6a28e4ae598f1577cb1c4fec2a15c033d0ec52b9b45a09610dd045b9da", size = 12160538, upload-time = "2026-07-23T15:19:35.958Z" },
    { url = "https://files.pythonhosted.org/packages/7b/5f/734e72e7b9f79bcf0b2c270b8d3bca0e4ebb97a27a50d06240b145f6d41e/grpcio-1.83.0-cp312-cp312-manylinux2014_aarch64.manylinux_2_17_aarch64.whl", hash = "sha256:6fb8a1dd0c6f0f931e69e9d0dc6d1c406ed2a44fa963414eafba07b7fb685d16", size = 6869310, upload-time = "2026-07-23T15:19:38.607Z" },
    { url = "https://files.pythonhosted.org/packages/a4/17/a1735f215b2a5cd43c38b79eac072ad197e61be9829905b6b29550abd0db/grpcio-1.83.0-cp312-cp312-manylinux2014_i686.manylinux_2_17_i686.whl", hash = "sha256:2b5e75c34842cd9c1b95285ca395c6a569664b81e3ffa6b714125922942abaaf", size = 7613472, upload-time = "2026-07-23T15:19:40.645Z" },
    { url = "https://files.pythonhosted.org/packages/b2/78/c9e81f806ac704b6b145cb01628db398985b1f8dfdc10e23b55fb0902b3d/grpcio-1.83.0-cp312-cp312-manylinux2014_x86_64.manylinux_2_17_x86_64.whl", hash = "sha256:aeb339838db07600481ef869507279b75326c75eac6d10f7afa62a0da1d2bcdd", size = 7040616, upload-time = "2026-07-23T15:19:42.349Z" },
    { url = "https://files.pythonhosted.org/packages/9a/ba/94cd5af859876049d340480acbb61a959096c84b567f215534faa78d0424/grpcio-1.83.0-cp312-cp312-musllinux_1_2_aarch64.whl", hash = "sha256:f47d62808b4c0a97b78bff88a6d4ca283a2a492b9a04a87d814af95ca3b9c19c", size = 7570491, upload-time = "2026-07-23T15:19:44.357Z" },
    { url = "https://files.pythonhosted.org/packages/3e/15/108d30d5a5c964312ae8b9cb0e8cc5b3c1cc68d8f757cca52b3565534d26/grpcio-1.83.0-cp312-cp312-musllinux_1_2_i686.whl", hash = "sha256:62003babc444a606dcd1f009cd16391ce23669ae4ad6ec267a873da7937a69f5", size = 8605036, upload-time = "2026-07-23T15:19:46.454Z" },
    { url = "https://files.pythonhosted.org/packages/ea/23/3828ae13c3db8233d123ad612747665817b952d8a954f32390230b582336/grpcio-1.83.0-cp312-cp312-musllinux_1_2_x86_64.whl", hash = "sha256:1aa567f8c3f19850ffd5d2858c9a8ea7c80f0db6c01186b71eb31e923ec984f5", size = 7981587, upload-time = "2026-07-23T15:19:48.913Z" },
    { url = "https://files.pythonhosted.org/packages/17/5b/77af31228f55f55a2a5112bb0077ad0a1c4d23dbb0c2853a62475bbdcc14/grpcio-1.83.0-cp312-cp312-win32.whl", hash = "sha256:cb2906c61db4f9c64cc360054b5df70eeb81846228e9e56a4944bd415a63dadc", size = 4394004, upload-time = "2026-07-23T15:19:50.618Z" },
    { url = "https://files.pythonhosted.org/packages/c0/da/f706e39550e7a3732ce2b9c5926107a93d74a802775b19b642a6df27dc96/grpcio-1.83.0-cp312-cp312-win_amd64.whl", hash = "sha256:1c699bbb20f143c8f2bff219de578aa2dc1f919399d67dc702b038b986ee62df", size = 5158525, upload-time = "2026-07-23T15:19:52.246Z" },
    { url = "https://files.pythonhosted.org/packages/56/eb/135daaa713f32d33b8f99b4153b3f8dc3b2a124996ac15581bf9ebdad3c3/grpcio-1.83.0-cp313-cp313-linux_armv7l.whl", hash = "sha256:6662f3b1e07cc7493d437351860dc867bddc6a93c83ecf33bbfdaf0c217ab2d0", size = 6304480, upload-time = "2026-07-23T15:19:53.962Z" },
    { url = "https://files.pythonhosted.org/packages/8f/a1/121806ce69f23138dabe06aa595b0e5f1ae051a37e4c1954eed7d692c800/grpcio-1.83.0-cp313-cp313-macosx_11_0_universal2.whl", hash = "sha256:74fe6f9e8a35c7dbf32255ee154d15e3e5338a81ed39173d079d594d2e544cd1", size = 12154419, upload-time = "2026-07-23T15:19:56.3Z" },
    { url = "https://files.pythonhosted.org/packages/b0/e8/d0389e09cd6b4c4d3089b92967ae4e3ffd64795bd349bf2f85cd6656d3da/grpcio-1.83.0-cp313-cp313-manylinux2014_aarch64.manylinux_2_17_aarch64.whl", hash = "sha256:10b3fa0475eb572c9a81a6fe37fa16a9c500c0c91cfc148cac15692b7e3c2867", size = 6873200, upload-time = "2026-07-23T15:19:58.701Z" },
    { url = "https://files.pythonhosted.org/packages/f8/51/f464c1d211fa50d5adbabe1b2e519948d99c13757052bfc9ea7afa28e284/grpcio-1.83.0-cp313-cp313-manylinux2014_i686.manylinux_2_17_i686.whl", hash = "sha256:5f20a988480b0f28207f057f7f7ae1313393c3cef0adcfeae8248f9947eaf881", size = 7618811, upload-time = "2026-07-23T15:20:00.733Z" },
    { url = "https://files.pythonhosted.org/packages/e8/c0/539fe0832f2dd6500a28f5263071623fb34e8d4867aec632ccf81bd21156/grpcio-1.83.0-cp313-cp313-manylinux2014_x86_64.manylinux_2_17_x86_64.whl", hash = "sha256:7bd82671b39065ba18cd536e9cd45b27ff649053f81ddd2c6a966d595067080f", size = 7042310, upload-time = "2026-07-23T15:20:02.675Z" },
    { url = "https://files.pythonhosted.org/packages/8c/ca/ccf617d37ffa72567fa8e005ec7090c99da922799be2fb9847c8b21ca18c/grpcio-1.83.0-cp313-cp313-musllinux_1_2_aarch64.whl", hash = "sha256:bc60215b5cb9fc8ca72942c498b551ac2305bd08f6ef8d4e3f0d21b64fbecd61", size = 7575412, upload-time = "2026-07-23T15:20:04.712Z" },
    { url = "https://files.pythonhosted.org/packages/eb/b9/fd8d5245f823a8e0fd35d90e20ea3aa4acd47f8d5318fa8df307df52dec6/grpcio-1.83.0-cp313-cp313-musllinux_1_2_i686.whl", hash = "sha256:f1c3e5689d4b90987b1d72022bcfe866a9a3dc66197484cf856d96b6150e7f45", size = 8604248, upload-time = "2026-07-23T15:20:06.77Z" },
    { url = "https://files.pythonhosted.org/packages/14/1e/f37632fc11db72dfa4bba86c3a43e54358e53030df111ecae5e91a733ad6/grpcio-1.83.0-cp313-cp313-musllinux_1_2_x86_64.whl", hash = "sha256:a21cb4eeeba124443f399be2e8b624943cde864dcbe588cb42e5c483a52a906c", size = 7977458, upload-time = "2026-07-23T15:20:09.109Z" },
    { url = "https://files.pythonhosted.org/packages/93/b6/d70b69ae5c0cfc341b9ba474980e4ed99cbf05c0e4a14e9eee8cb73db0a5/grpcio-1.83.0-cp313-cp313-win32.whl", hash = "sha256:8fe04f1050a59f875601eb55d42b4f66946fe89817f967e34db1462ccd07dadf", size = 4393993, upload-time = "2026-07-23T15:20:11.017Z" },
    { url = "https://files.pythonhosted.org/packages/0f/13/45d4cccb555cf4c476226979bf3d2fd0b0254216f7564c3a053e35117efc/grpcio-1.83.0-cp313-cp313-win_amd64.whl", hash = "sha256:6e01ecd9d8ef280abe1365138a4dc318f9a5287f4cb1b41d07816f796653f735", size = 5159650, upload-time = "2026-07-23T15:20:12.979Z" },
    { url = "https://files.pythonhosted.org/packages/9c/60/f2cca8147ea213d3e43ae9158d03ad04e020fdf32ff027253e1fe93f921d/grpcio-1.83.0-cp314-cp314-linux_armv7l.whl", hash = "sha256:3f351629f6ae16ecc0ec3553e586a6763ffd9f6114044286d0cbec3e09241bfa", size = 6305607, upload-time = "2026-07-23T15:20:15.353Z" },
    { url = "https://files.pythonhosted.org/packages/d0/ab/d3874931d123a95e83a3ebf8aa04537988fb62425cedb8bf3cefc5ad41b2/grpcio-1.83.0-cp314-cp314-macosx_11_0_universal2.whl", hash = "sha256:d05ff664100d429335b93c91b8b34ddf9e94a112205e7fa06dede309e44a4e4c", size = 12166617, upload-time = "2026-07-23T15:20:17.435Z" },
    { url = "https://files.pythonhosted.org/packages/92/ff/6f18f9426b69306f4e00a9add3b0ee2748da8aad53836ef80cab0d62d04f/grpcio-1.83.0-cp314-cp314-manylinux2014_aarch64.manylinux_2_17_aarch64.whl", hash = "sha256:7936f2a56cf04f6514705c0fedf400971de01b6aa1719327e4718f410a765e2b", size = 6880213, upload-time = "2026-07-23T15:20:19.98Z" },
    { url = "https://files.pythonhosted.org/packages/70/21/706d1147c6b93b98f179240c13991fbcc56880eba0c868abb1ad40d8a0a6/grpcio-1.83.0-cp314-cp314-manylinux2014_i686.manylinux_2_17_i686.whl", hash = "sha256:b0a0be840e51b6b7ee9df9269770faf77bdf4b771053c257c21d12bad607714c", size = 7618335, upload-time = "2026-07-23T15:20:22.161Z" },
    { url = "https://files.pythonhosted.org/packages/74/04/1a8443c889115ec9e213a213e86bc93a71ee9088027e5befa09aaa0edd9d/grpcio-1.83.0-cp314-cp314-manylinux2014_x86_64.manylinux_2_17_x86_64.whl", hash = "sha256:009667eaf3dcd5224c713589cdc98e7ca4ed0ff0b61132c6b276e930eb83a2df", size = 7043416, upload-time = "2026-07-23T15:20:24.209Z" },
    { url = "https://files.pythonhosted.org/packages/86/c6/94e0fee5b12bc1da1370185b680988db6f739d19b42d9959db01a7ea50bf/grpcio-1.83.0-cp314-cp314-musllinux_1_2_aarch64.whl", hash = "sha256:bb669918fd88936b15599caff4160a77ab74bdeb25f2231f6e45b61282d6107b", size = 7583253, upload-time = "2026-07-23T15:20:26.313Z" },
    { url = "https://files.pythonhosted.org/packages/a0/97/de1ccb671fb85575bc5192faedf9ecdbdf5b390d2e6584dcf552bcbd370e/grpcio-1.83.0-cp314-cp314-musllinux_1_2_i686.whl", hash = "sha256:c19b454d3d3f28db81f2c7c4dbaee96e7f6fd149721733ffe79d6bc530f17404", size = 8605102, upload-time = "2026-07-23T15:20:28.437Z" },
    { url = "https://files.pythonhosted.org/packages/17/0f/0e0ec749a7034ffcbaa050e39779872950ead90c22e7e0116be3f28b2b46/grpcio-1.83.0-cp314-cp314-musllinux_1_2_x86_64.whl", hash = "sha256:61007cd08640abc5c54547ee32505474c482cd733a53cb87551ea81faa6350af", size = 7979826, upload-time = "2026-07-23T15:20:31.182Z" },
    { url = "https://files.pythonhosted.org/packages/83/fa/c3fda157287f64bc65acee6c5aa90c41acf9e0d3a8e69a265eecff6d00a1/grpcio-1.83.0-cp314-cp314-win32.whl", hash = "sha256:32e11c37f5285b0c6fa3042c05fe06903696689749833fc64e67dec71b9bbe33", size = 4471765, upload-time = "2026-07-23T15:20:33.195Z" },
    { url = "https://files.pythonhosted.org/packages/a1/00/b1b26431c9d54eee11724fd6e5585473a2ed47fbc1fb95e5204906a642ce/grpcio-1.83.0-cp314-cp314-win_amd64.whl", hash = "sha256:2bb48cb5e6dd005ca12b89ce4b6ac0b48ff3112c747542ee7986ef611a8ca6d9", size = 5298932, upload-time = "2026-07-23T15:20:35.48Z" },
]

[[package]]
name = "grpcio-tools"
version = "1.83.0"
source = { registry = "https://pypi.org/simple" }
dependencies = [
    { name = "grpcio" },
    { name = "protobuf" },
    { name = "setuptools" },
]
sdist = { url = "https://files.pythonhosted.org/packages/c1/b1/50b17b3a2ba8970dbb00b2035a4df218bc6ec88d2d77fc7da4e42e1c7b19/grpcio_tools-1.83.0.tar.gz", hash = "sha256:515907265d14fa9975d0c7723f95a9da01463d7ac607546a03f8741f86a1bb07", size = 6400437, upload-time = "2026-07-23T15:22:18.313Z" }
wheels = [
    { url = "https://files.pythonhosted.org/packages/27/4d/02e4d809d880785a613697e4c0f8134a436ec0142dc3c11989ad1a1c787a/grpcio_tools-1.83.0-cp312-cp312-linux_armv7l.whl", hash = "sha256:bd93bbe18c4424805fd2e39854f75d76f80655175621254dc43cb45ec8e91e85", size = 2653283, upload-time = "2026-07-23T15:21:22.973Z" },
    { url = "https://files.pythonhosted.org/packages/01/c9/23e8423ac54c3858a5cfbca8a954fa292cab7b8a9a1ee9dc3259b906b763/grpcio_tools-1.83.0-cp312-cp312-macosx_11_0_universal2.whl", hash = "sha256:dc2d370563ee1ee6c1769e49df35ef3f6e75cea8f25acf4ac6e54b335e6f788f", size = 5965938, upload-time = "2026-07-23T15:21:24.686Z" },
    { url = "https://files.pythonhosted.org/packages/bf/a1/6eb17cf322bfbb76a9b9a8a5ca4a6b27f0af84821145969fc464feedaa0e/grpcio_tools-1.83.0-cp312-cp312-manylinux2014_aarch64.manylinux_2_17_aarch64.whl", hash = "sha256:8350e236470700b02bc4ba7f27a8796559630170e6527dda41c0344fbe988e56", size = 2705429, upload-time = "2026-07-23T15:21:26.519Z" },
    { url = "https://files.pythonhosted.org/packages/d4/84/f3c7e5e91e5d40ee792f112260bd329db5381de6f83b21387dd6163ebe51/grpcio_tools-1.83.0-cp312-cp312-manylinux2014_i686.manylinux_2_17_i686.whl", hash = "sha256:b1649f47c4675c1540ad2a77005f4d08392c06202686a0b1bb6b894f96cb75fe", size = 3033412, upload-time = "2026-07-23T15:21:28.183Z" },
    { url = "https://files.pythonhosted.org/packages/5f/ec/acd6c1800925b0d60f8a670b68cf5bc3566aee60e7cb90178b34253bf53a/grpcio_tools-1.83.0-cp312-cp312-manylinux2014_x86_64.manylinux_2_17_x86_64.whl", hash = "sha256:7d4edc6ba9fdca70bbf585ff6ab5971b8cd6140b4b316df66fd91d168bc1b617", size = 2774500, upload-time = "2026-07-23T15:21:29.955Z" },
    { url = "https://files.pythonhosted.org/packages/36/e6/c7c6f4e25b7344f1fbc5df69606bfd4b9692d4e32d17781c665d3ed45e70/grpcio_tools-1.83.0-cp312-cp312-musllinux_1_2_aarch64.whl", hash = "sha256:762a9f8a4a4a39bda02feebed94efb8d778e0e5a82d0c8f786dce5ddcb950c7f", size = 3229875, upload-time = "2026-07-23T15:21:31.617Z" },
    { url = "https://files.pythonhosted.org/packages/77/fc/9cbdc4606f378a9c2b569c0b6b57f181f97787006be4131a5820d469b70a/grpcio_tools-1.83.0-cp312-cp312-musllinux_1_2_i686.whl", hash = "sha256:c6c469c928a183f1a99ab26e263fe307347ee7023fa623b55bc778846b2f51b9", size = 3803163, upload-time = "2026-07-23T15:21:33.35Z" },
    { url = "https://files.pythonhosted.org/packages/7b/0b/3b754886a02ead1487a967fd11ff13e920218fcf6c8e174f6de0c26dd819/grpcio_tools-1.83.0-cp312-cp312-musllinux_1_2_x86_64.whl", hash = "sha256:7980b3ca9dd31c42468c5af8cec97037f83715ea6efbe1b936ecb9c6832ac0f5", size = 3461815, upload-time = "2026-07-23T15:21:34.982Z" },
    { url = "https://files.pythonhosted.org/packages/eb/29/4629c154853f6f677299cde014e615084c15ad1d4fedd6845d2e7d354c7e/grpcio_tools-1.83.0-cp312-cp312-win32.whl", hash = "sha256:fd2ff46917f566b3b63dae191d1b05ef2188fe51e756ef321cbdd707ab29dbfb", size = 1022490, upload-time = "2026-07-23T15:21:36.696Z" },
    { url = "https://files.pythonhosted.org/packages/bb/59/696b9671e32a693c67299724a1f70f81dfb78aca6a3283ea6a65d54e92b8/grpcio_tools-1.83.0-cp312-cp312-win_amd64.whl", hash = "sha256:92d2343806b5c21162a57fbaad24fcd8d935ef530f95a0f706a4e2546fdc0662", size = 1192286, upload-time = "2026-07-23T15:21:38.446Z" },
    { url = "https://files.pythonhosted.org/packages/63/2f/a7a4465b2a5b74b479373bf44d86da5840d7d20871764a39fb300e55e093/grpcio_tools-1.83.0-cp313-cp313-linux_armv7l.whl", hash = "sha256:3277cfbb7cbbd2d72921fbcd7aba6c8ab1c91a9ab27e8045ac0a0f2e0517cec9", size = 2652845, upload-time = "2026-07-23T15:21:40.173Z" },
    { url = "https://files.pythonhosted.org/packages/ab/69/ed8ebaae3bd0ecd2387b0fdb3a696bd4b4d4565d18589ee3ba7c6affcbed/grpcio_tools-1.83.0-cp313-cp313-macosx_11_0_universal2.whl", hash = "sha256:1aa9617ce9c2bcbfb8f2fa08e6259e1b3cadaab0316e41f71496847af2f0a664", size = 5963575, upload-time = "2026-07-23T15:21:41.943Z" },
    { url = "https://files.pythonhosted.org/packages/13/23/75bddae583077f1374c64e2a87b5924bdbffe162b3855af30c30a0fc8c5c/grpcio_tools-1.83.0-cp313-cp313-manylinux2014_aarch64.manylinux_2_17_aarch64.whl", hash = "sha256:ad37c786ea92825534466052f5f22f1f29983b1d00ca71ad43e256715a86bba3", size = 2705094, upload-time = "2026-07-23T15:21:43.675Z" },
    { url = "https://files.pythonhosted.org/packages/f2/ac/7e1b12b1c5afff4f7d578f3c4eafbb1849f8004ddcc236cd3ff95c8be607/grpcio_tools-1.83.0-cp313-cp313-manylinux2014_i686.manylinux_2_17_i686.whl", hash = "sha256:c82216864d435ecf6f535798d03e9f6b9025a672a2e815715d629aba4ba70349", size = 3033061, upload-time = "2026-07-23T15:21:45.657Z" },
    { url = "https://files.pythonhosted.org/packages/b8/6d/113291a7aad0c47a1e2ba2375595dfc3c2ab648e0ea05ff3d6f0f89055b3/grpcio_tools-1.83.0-cp313-cp313-manylinux2014_x86_64.manylinux_2_17_x86_64.whl", hash = "sha256:04284627655629387b63278591e5efd0aded28d3a08432fe8a8765e4daf2d5b2", size = 2773649, upload-time = "2026-07-23T15:21:47.404Z" },
    { url = "https://files.pythonhosted.org/packages/dd/c2/ce1c6c2475ed5cb0f7c6689bde57e3c105714676227da11b423ff37620a9/grpcio_tools-1.83.0-cp313-cp313-musllinux_1_2_aarch64.whl", hash = "sha256:4fe627a5248d8e712f5ec3e019420050e61b10600ed241264aefb379a0f1b338", size = 3229788, upload-time = "2026-07-23T15:21:49.441Z" },
    { url = "https://files.pythonhosted.org/packages/c5/53/823fd52c29630398706de400ce7003b03e17ce91df024fc53cde810d2758/grpcio_tools-1.83.0-cp313-cp313-musllinux_1_2_i686.whl", hash = "sha256:1d5a9a9664d2f4bdda000652e7febf9ab4545a6391c8f05babd52ecb27d7e03e", size = 3802531, upload-time = "2026-07-23T15:21:51.37Z" },
    { url = "https://files.pythonhosted.org/packages/30/85/942ee07caf97b75ead416c6ad5f2fb12b16b8bc92fa3d60bbbea4c06e076/grpcio_tools-1.83.0-cp313-cp313-musllinux_1_2_x86_64.whl", hash = "sha256:4bf0e421e1ab5f2cd638de44fc903aed3ba4a2fcb19b93c6f528ff0ec63e3a6a", size = 3461032, upload-time = "2026-07-23T15:21:53.343Z" },
    { url = "https://files.pythonhosted.org/packages/d4/0b/54cb428ea18912fa9541509fbc2e10f9807d96e88cf435f86e63c540ac25/grpcio_tools-1.83.0-cp313-cp313-win32.whl", hash = "sha256:7b1bd6db403b38addded54866187eba6f9ab9afadf72bb8d0515ed13f0b16c5c", size = 1022116, upload-time = "2026-07-23T15:21:55.036Z" },
    { url = "https://files.pythonhosted.org/packages/77/80/2369320766091f6daedb924d133037a9f8b84bfb3e4d02d6ccffcd57b0cd/grpcio_tools-1.83.0-cp313-cp313-win_amd64.whl", hash = "sha256:d654c645af7cf608a30644bffb8d1ef6b14e8846482c3d0131d0dda91f6fb590", size = 1191934, upload-time = "2026-07-23T15:21:56.862Z" },
    { url = "https://files.pythonhosted.org/packages/b2/bd/3abb9c200f90110805553ca0e8f7908a0b89485ea99bb271daa37eaafb72/grpcio_tools-1.83.0-cp314-cp314-linux_armv7l.whl", hash = "sha256:1ea047ff4bd2bb32fe5268042cb9c9e7bb054e932b52ad756642622f032ef656", size = 2652841, upload-time = "2026-07-23T15:21:58.726Z" },
    { url = "https://files.pythonhosted.org/packages/a2/46/d5beb04f0ffe552e55eaddd3413786e17a1fa68edb2fd8398969c38bc7e8/grpcio_tools-1.83.0-cp314-cp314-macosx_11_0_universal2.whl", hash = "sha256:7a8ac9cb3fbf7a5e4fe59f211e77b4fa4d51279c9f480e6ff98037cf56da1ad8", size = 5963493, upload-time = "2026-07-23T15:22:00.547Z" },
    { url = "https://files.pythonhosted.org/packages/40/1b/d8e01ca3281cb59722372c415024a7e70e8a653e70e2075e875394e4f761/grpcio_tools-1.83.0-cp314-cp314-manylinux2014_aarch64.manylinux_2_17_aarch64.whl", hash = "sha256:a5fa95fb33a600d2491867a1048f47baa27a830eac01f475043b8ccf63a471eb", size = 2705303, upload-time = "2026-07-23T15:22:02.448Z" },
    { url = "https://files.pythonhosted.org/packages/83/43/75b382d8f116e274ce639ec55a6908dc792627b01d3c47b4f8991701203b/grpcio_tools-1.83.0-cp314-cp314-manylinux2014_i686.manylinux_2_17_i686.whl", hash = "sha256:0ca67941524662e01adea91571bb79df1ac9b4b2641812ef8636e21945119bee", size = 3033047, upload-time = "2026-07-23T15:22:04.445Z" },
    { url = "https://files.pythonhosted.org/packages/0f/9f/200fb55729b735192fded061f53aa37c88cf9f58933cb108e16f5c1fd967/grpcio_tools-1.83.0-cp314-cp314-manylinux2014_x86_64.manylinux_2_17_x86_64.whl", hash = "sha256:e2a5816a5b6b06b42a6989f02944841c2a8b3daaa7f033dac9267f70078028ef", size = 2773830, upload-time = "2026-07-23T15:22:06.519Z" },
    { url = "https://files.pythonhosted.org/packages/d1/bc/e585c4e255599ec45f2e07e0f570352158354285afd65ef30ceda97b445e/grpcio_tools-1.83.0-cp314-cp314-musllinux_1_2_aarch64.whl", hash = "sha256:f4a83f002895b11c4a862c366d77165825e0064aff14bf2c7453f59f66599b0e", size = 3229907, upload-time = "2026-07-23T15:22:08.358Z" },
    { url = "https://files.pythonhosted.org/packages/4d/a1/0c098b4ff64d948666b79d0036ce104b8c2209e6f4d1594046044dcfa25d/grpcio_tools-1.83.0-cp314-cp314-musllinux_1_2_i686.whl", hash = "sha256:1cfee967ae073bc064862971871229248965422f38556096aec76db19d8a8c79", size = 3802600, upload-time = "2026-07-23T15:22:10.393Z" },
    { url = "https://files.pythonhosted.org/packages/d4/e1/249047aab0da8c6b3b2e0156e6868aa0b598973ddf53f59186c43664ff96/grpcio_tools-1.83.0-cp314-cp314-musllinux_1_2_x86_64.whl", hash = "sha256:f7e82ee718ae09f879cb832e4517a56691de24383a2da673be184ad8b18e452f", size = 3461307, upload-time = "2026-07-23T15:22:12.33Z" },
    { url = "https://files.pythonhosted.org/packages/39/aa/11a228c47acecde2e05715bda4480e5a695690e00776c1db391e5a02c1f7/grpcio_tools-1.83.0-cp314-cp314-win32.whl", hash = "sha256:846fd211ebb72f50d39d3874cc0d616c2b9bcb71db51121ca86af29eec013c74", size = 1045047, upload-time = "2026-07-23T15:22:14.23Z" },
    { url = "https://files.pythonhosted.org/packages/30/b1/d1f150b2ab3b4ae9932c05104fe1edbcb7fbf505587ea8db99e49341a05f/grpcio_tools-1.83.0-cp314-cp314-win_amd64.whl", hash = "sha256:b8c9686b0c19f70b63d8d6cfeff5ad3480bdedecd60f14711fe43950f5397253", size = 1224199, upload-time = "2026-07-23T15:22:16.064Z" },
]

[[package]]
name = "hop-top-xrr"
version = "0.1.0a4"
source = { editable = "." }
dependencies = [
    { name = "pyyaml" },
]

[package.dev-dependencies]
dev = [
    { name = "grpcio" },
    { name = "grpcio-tools" },
    { name = "pytest" },
    { name = "ruff" },
]

[package.metadata]
requires-dist = [{ name = "pyyaml", specifier = ">=6.0.3" }]

[package.metadata.requires-dev]
dev = [
    { name = "grpcio", specifier = ">=1.60" },
    { name = "grpcio-tools", specifier = ">=1.60" },
    { name = "pytest", specifier = ">=9.0.2" },
    { name = "ruff", specifier = ">=0.15.8" },
]

[[package]]
name = "iniconfig"
version = "2.3.0"
source = { registry = "https://pypi.org/simple" }
sdist = { url = "https://files.pythonhosted.org/packages/72/34/14ca021ce8e5dfedc35312d08ba8bf51fdd999c576889fc2c24cb97f4f10/iniconfig-2.3.0.tar.gz", hash = "sha256:c76315c77db068650d49c5b56314774a7804df16fee4402c1f19d6d15d8c4730", size = 20503, upload-time = "2025-10-18T21:55:43.219Z" }
wheels = [
    { url = "https://files.pythonhosted.org/packages/cb/b1/3846dd7f199d53cb17f49cba7e651e9ce294d8497c8c150530ed11865bb8/iniconfig-2.3.0-py3-none-any.whl", hash = "sha256:f631c04d2c48c52b84d0d0549c99ff3859c98df65b3101406327ecc7d53fbf12", size = 7484, upload-time = "2025-10-18T21:55:41.639Z" },
]

[[package]]
name = "packaging"
version = "26.0"
source = { registry = "https://pypi.org/simple" }
sdist = { url = "https://files.pythonhosted.org/packages/65/ee/299d360cdc32edc7d2cf530f3accf79c4fca01e96ffc950d8a52213bd8e4/packaging-26.0.tar.gz", hash = "sha256:00243ae351a257117b6a241061796684b084ed1c516a08c48a3f7e147a9d80b4", size = 143416, upload-time = "2026-01-21T20:50:39.064Z" }
wheels = [
    { url = "https://files.pythonhosted.org/packages/b7/b9/c538f279a4e237a006a2c98387d081e9eb060d203d8ed34467cc0f0b9b53/packaging-26.0-py3-none-any.whl", hash = "sha256:b36f1fef9334a5588b4166f8bcd26a14e521f2b55e6b9de3aaa80d3ff7a37529", size = 74366, upload-time = "2026-01-21T20:50:37.788Z" },
]

[[package]]
name = "pluggy"
version = "1.6.0"
source = { registry = "https://pypi.org/simple" }
sdist = { url = "https://files.pythonhosted.org/packages/f9/e2/3e91f31a7d2b083fe6ef3fa267035b518369d9511ffab804f839851d2779/pluggy-1.6.0.tar.gz", hash = "sha256:7dcc130b76258d33b90f61b658791dede3486c3e6bfb003ee5c9bfb396dd22f3", size = 69412, upload-time = "2025-05-15T12:30:07.975Z" }
wheels = [
    { url = "https://files.pythonhosted.org/packages/54/20/4d324d65cc6d9205fabedc306948156824eb9f0ee1633355a8f7ec5c66bf/pluggy-1.6.0-py3-none-any.whl", hash = "sha256:e920276dd6813095e9377c0bc5566d94c932c33b27a3e3945d8389c374dd4746", size = 20538, upload-time = "2025-05-15T12:30:06.134Z" },
]

[[package]]
name = "protobuf"
version = "7.36.0"
source = { registry = "https://pypi.org/simple" }
sdist = { url = "https://files.pythonhosted.org/packages/a7/e7/0553e21d25ca4d9f573135775348a372c3ec34a93a71d5f297c3bac38341/protobuf-7.36.0.tar.gz", hash = "sha256:e8e09cb0d794c6687926fa558a8a6e72aa10edb997d5ca61da0765f12a3e00ea", size = 510034, upload-time = "2026-08-20T16:34:01.071Z" }
wheels = [
    { url = "https://files.pythonhosted.org/packages/8f/ae/58e3ca96cb2e118cc546b677359b3c6659f79a140935c08dec94c7998585/protobuf-7.36.0-cp310-abi3-macosx_10_9_universal2.whl", hash = "sha256:9103532dffd80c6fab7e50c65a31007680a06eb57537d437bb1b35812c138a37", size = 453256, upload-time = "2026-08-20T16:33:53.945Z" },
    { url = "https://files.pythonhosted.org/packages/f0/15/5162230af4912697f0fe406f6800f80760945babcff0e2c2fe6c84ef2d5d/protobuf-7.36.0-cp310-abi3-manylinux2014_aarch64.whl", hash = "sha256:bf94a5917c71058262de683669bc0a797a7669d3de71f0b36d058e3194f47b44", size = 341436, upload-time = "2026-08-20T16:33:55.134Z" },
    { url = "https://files.pythonhosted.org/packages/d7/09/1670b2bfc9a45e807e520c3e9be36524db9ccc7dc05ea17af7681cabdc61/protobuf-7.36.0-cp310-abi3-manylinux2014_s390x.whl", hash = "sha256:3297e60abdff301e5f74393d87f6cc59dacab5f024a89548a6e8de1d26576b16", size = 354440, upload-time = "2026-08-20T16:33:56.077Z" },
    { url = "https://files.pythonhosted.org/packages/c7/f8/bd5804695ba400e423c33fd4d9f58c28d86633d5ba1945c36ff3967d98cb/protobuf-7.36.0-cp310-abi3-manylinux2014_x86_64.whl", hash = "sha256:70f5ec8eb0da81a44360c0dc0beac99a0d78071d21956a7076bae8bd2051841b", size = 340439, upload-time = "2026-08-20T16:33:56.992Z" },
    { url = "https://files.pythonhosted.org/packages/ef/9f/acd02338235a3e7d03168c4303478347b7624fc8189ff4e7f0d2654bbe86/protobuf-7.36.0-cp310-abi3-win32.whl", hash = "sha256:7326fd717bdc419162a735938d89d4032332bcc3408804012b24ff3a37086071", size = 440216, upload-time = "2026-08-20T16:33:57.99Z" },
    { url = "https://files.pythonhosted.org/packages/0e/4e/12cb93270967a2affff5b3f720694700d4d87712a67afd05c8cb3f6fa52c/protobuf-7.36.0-cp310-abi3-win_amd64.whl", hash = "sha256:1781cc1de61249b750848029bca452c0a8b7e990080316b9bbc2518b2117b488", size = 453731, upload-time = "2026-08-20T16:33:58.951Z" },
    { url = "https://files.pythonhosted.org/packages/01/c3/629999e78d46c1115c11886d51c6bd68c17ce4a944f1ea3e153a91316a33/protobuf-7.36.0-py3-none-any.whl", hash = "sha256:53374d53fc29a67f7dbbf0ade47d7526a0f0137bf0f9c90e48d8a60790ef748c", size = 177024, upload-time = "2026-08-20T16:34:00.053Z" },
]

[[package]]
name = "pygments"
version = "2.20.0"
source = { registry = "https://pypi.org/simple" }
sdist = { url = "https://files.pythonhosted.org/packages/c3/b2/bc9c9196916376152d655522fdcebac55e66de6603a76a02bca1b6414f6c/pygments-2.20.0.tar.gz", hash = "sha256:6757cd03768053ff99f3039c1a36d6c0aa0b263438fcab17520b30a303a82b5f", size = 4955991, upload-time = "2026-03-29T13:29:33.898Z" }
wheels = [
    { url = "https://files.pythonhosted.org/packages/f4/7e/a72dd26f3b0f4f2bf1dd8923c85f7ceb43172af56d63c7383eb62b332364/pygments-2.20.0-py3-none-any.whl", hash = "sha256:81a9e26dd42fd28a23a2d169d86d7ac03b46e2f8b59ed4698fb4785f946d0176", size = 1231151, upload-time = "2026-03-29T13:29:30.038Z" },
]

[[package]]
name = "pytest"
version = "9.0.2"
source = { registry = "https://pypi.org/simple" }
dependencies = [
    { name = "colorama", marker = "sys_platform == 'win32'" },
    { name = "iniconfig" },
    { name = "packaging" },
    { name = "pluggy" },
    { name = "pygments" },
]
sdist = { url = "https://files.pythonhosted.org/packages/d1/db/7ef3487e0fb0049ddb5ce41d3a49c235bf9ad299b6a25d5780a89f19230f/pytest-9.0.2.tar.gz", hash = "sha256:75186651a92bd89611d1d9fc20f0b4345fd827c41ccd5c299a868a05d70edf11", size = 1568901, upload-time = "2025-12-06T21:30:51.014Z" }
wheels = [
    { url = "https://files.pythonhosted.org/packages/3b/ab/b3226f0bd7cdcf710fbede2b3548584366da3b19b5021e74f5bde2a8fa3f/pytest-9.0.2-py3-none-any.whl", hash = "sha256:711ffd45bf766d5264d487b917733b453d917afd2b0ad65223959f59089f875b", size = 374801, upload-time = "2025-12-06T21:30:49.154Z" },
]

[[package]]
name = "pyyaml"
version = "6.0.3"
source = { registry = "https://pypi.org/simple" }
sdist = { url = "https://files.pythonhosted.org/packages/05/8e/961c0007c59b8dd7729d542c61a4d537767a59645b82a0b521206e1e25c2/pyyaml-6.0.3.tar.gz", hash = "sha256:d76623373421df22fb4cf8817020cbb7ef15c725b9d5e45f17e189bfc384190f", size = 130960, upload-time = "2025-09-25T21:33:16.546Z" }
wheels = [
    { url = "https://files.pythonhosted.org/packages/d1/33/422b98d2195232ca1826284a76852ad5a86fe23e31b009c9886b2d0fb8b2/pyyaml-6.0.3-cp312-cp312-macosx_10_13_x86_64.whl", hash = "sha256:7f047e29dcae44602496db43be01ad42fc6f1cc0d8cd6c83d342306c32270196", size = 182063, upload-time = "2025-09-25T21:32:11.445Z" },
    { url = "https://files.pythonhosted.org/packages/89/a0/6cf41a19a1f2f3feab0e9c0b74134aa2ce6849093d5517a0c550fe37a648/pyyaml-6.0.3-cp312-cp312-macosx_11_0_arm64.whl", hash = "sha256:fc09d0aa354569bc501d4e787133afc08552722d3ab34836a80547331bb5d4a0", size = 173973, upload-time = "2025-09-25T21:32:12.492Z" },
    { url = "https://files.pythonhosted.org/packages/ed/23/7a778b6bd0b9a8039df8b1b1d80e2e2ad78aa04171592c8a5c43a56a6af4/pyyaml-6.0.3-cp312-cp312-manylinux2014_aarch64.manylinux_2_17_aarch64.manylinux_2_28_aarch64.whl", hash = "sha256:9149cad251584d5fb4981be1ecde53a1ca46c891a79788c0df828d2f166bda28", size = 775116, upload-time = "2025-09-25T21:32:13.652Z" },
    { url = "https://files.pythonhosted.org/packages/65/30/d7353c338e12baef4ecc1b09e877c1970bd3382789c159b4f89d6a70dc09/pyyaml-6.0.3-cp312-cp312-manylinux2014_s390x.manylinux_2_17_s390x.manylinux_2_28_s390x.whl", hash = "sha256:5fdec68f91a0c6739b380c83b951e2c72ac0197ace422360e6d5a959d8d97b2c", size = 844011, upload-time = "2025-09-25T21:32:15.21Z" },
    { url = "https://files.pythonhosted.org/packages/8b/9d/b3589d3877982d4f2329302ef98a8026e7f4443c765c46cfecc8858c6b4b/pyyaml-6.0.3-cp312-cp312-manylinux2014_x86_64.manylinux_2_17_x86_64.manylinux_2_28_x86_64.whl", hash = "sha256:ba1cc08a7ccde2d2ec775841541641e4548226580ab850948cbfda66a1befcdc", size = 807870, upload-time = "2025-09-25T21:32:16.431Z" },
    { url = "https://files.pythonhosted.org/packages/05/c0/b3be26a015601b822b97d9149ff8cb5ead58c66f981e04fedf4e762f4bd4/pyyaml-6.0.3-cp312-cp312-musllinux_1_2_aarch64.whl", hash = "sha256:8dc52c23056b9ddd46818a57b78404882310fb473d63f17b07d5c40421e47f8e", size = 761089, upload-time = "2025-09-25T21:32:17.56Z" },
    { url = "https://files.pythonhosted.org/packages/be/8e/98435a21d1d4b46590d5459a22d88128103f8da4c2d4cb8f14f2a96504e1/pyyaml-6.0.3-cp312-cp312-musllinux_1_2_x86_64.whl", hash = "sha256:41715c910c881bc081f1e8872880d3c650acf13dfa8214bad49ed4cede7c34ea", size = 790181, upload-time = "2025-09-25T21:32:18.834Z" },
    { url = "https://files.pythonhosted.org/packages/74/93/7baea19427dcfbe1e5a372d81473250b379f04b1bd3c4c5ff825e2327202/pyyaml-6.0.3-cp312-cp312-win32.whl", hash = "sha256:96b533f0e99f6579b3d4d4995707cf36df9100d67e0c8303a0c55b27b5f99bc5", size = 137658, upload-time = "2025-09-25T21:32:20.209Z" },
    { url = "https://files.pythonhosted.org/packages/86/bf/899e81e4cce32febab4fb42bb97dcdf66bc135272882d1987881a4b519e9/pyyaml-6.0.3-cp312-cp312-win_amd64.whl", hash = "sha256:5fcd34e47f6e0b794d17de1b4ff496c00986e1c83f7ab2fb8fcfe9616ff7477b", size = 154003, upload-time = "2025-09-25T21:32:21.167Z" },
    { url = "https://files.pythonhosted.org/packages/1a/08/67bd04656199bbb51dbed1439b7f27601dfb576fb864099c7ef0c3e55531/pyyaml-6.0.3-cp312-cp312-win_arm64.whl", hash = "sha256:64386e5e707d03a7e172c0701abfb7e10f0fb753ee1d773128192742712a98fd", size = 140344, upload-time = "2025-09-25T21:32:22.617Z" },
    { url = "https://files.pythonhosted.org/packages/d1/11/0fd08f8192109f7169db964b5707a2f1e8b745d4e239b784a5a1dd80d1db/pyyaml-6.0.3-cp313-cp313-macosx_10_13_x86_64.whl", hash = "sha256:8da9669d359f02c0b91ccc01cac4a67f16afec0dac22c2ad09f46bee0697eba8", size = 181669, upload-time = "2025-09-25T21:32:23.673Z" },
    { url = "https://files.pythonhosted.org/packages/b1/16/95309993f1d3748cd644e02e38b75d50cbc0d9561d21f390a76242ce073f/pyyaml-6.0.3-cp313-cp313-macosx_11_0_arm64.whl", hash = "sha256:2283a07e2c21a2aa78d9c4442724ec1eb15f5e42a723b99cb3d822d48f5f7ad1", size = 173252, upload-time = "2025-09-25T21:32:25.149Z" },
    { url = "https://files.pythonhosted.org/packages/50/31/b20f376d3f810b9b2371e72ef5adb33879b25edb7a6d072cb7ca0c486398/pyyaml-6.0.3-cp313-cp313-manylinux2014_aarch64.manylinux_2_17_aarch64.manylinux_2_28_aarch64.whl", hash = "sha256:ee2922902c45ae8ccada2c5b501ab86c36525b883eff4255313a253a3160861c", size = 767081, upload-time = "2025-09-25T21:32:26.575Z" },
    { url = "https://files.pythonhosted.org/packages/49/1e/a55ca81e949270d5d4432fbbd19dfea5321eda7c41a849d443dc92fd1ff7/pyyaml-6.0.3-cp313-cp313-manylinux2014_s390x.manylinux_2_17_s390x.manylinux_2_28_s390x.whl", hash = "sha256:a33284e20b78bd4a18c8c2282d549d10bc8408a2a7ff57653c0cf0b9be0afce5", size = 841159, upload-time = "2025-09-25T21:32:27.727Z" },
    { url = "https://files.pythonhosted.org/packages/74/27/e5b8f34d02d9995b80abcef563ea1f8b56d20134d8f4e5e81733b1feceb2/pyyaml-6.0.3-cp313-cp313-manylinux2014_x86_64.manylinux_2_17_x86_64.manylinux_2_28_x86_64.whl", hash = "sha256:0f29edc409a6392443abf94b9cf89ce99889a1dd5376d94316ae5145dfedd5d6", size = 801626, upload-time = "2025-09-25T21:32:28.878Z" },
    { url = "https://files.pythonhosted.org/packages/f9/11/ba845c23988798f40e52ba45f34849aa8a1f2d4af4b798588010792ebad6/pyyaml-6.0.3-cp313-cp313-musllinux_1_2_aarch64.whl", hash = "sha256:f7057c9a337546edc7973c0d3ba84ddcdf0daa14533c2065749c9075001090e6", size = 753613, upload-time = "2025-09-25T21:32:30.178Z" },
    { url = "https://files.pythonhosted.org/packages/3d/e0/7966e1a7bfc0a45bf0a7fb6b98ea03fc9b8d84fa7f2229e9659680b69ee3/pyyaml-6.0.3-cp313-cp313-musllinux_1_2_x86_64.whl", hash = "sha256:eda16858a3cab07b80edaf74336ece1f986ba330fdb8ee0d6c0d68fe82bc96be", size = 794115, upload-time = "2025-09-25T21:32:31.353Z" },
    { url = "https://files.pythonhosted.org/packages/de/94/980b50a6531b3019e45ddeada0626d45fa85cbe22300844a7983285bed3b/pyyaml-6.0.3-cp313-cp313-win32.whl", hash = "sha256:d0eae10f8159e8fdad514efdc92d74fd8d682c933a6dd088030f3834bc8e6b26", size = 137427, upload-time = "2025-09-25T21:32:32.58Z" },
    { url = "https://files.pythonhosted.org/packages/97/c9/39d5b874e8b28845e4ec2202b5da735d0199dbe5b8fb85f91398814a9a46/pyyaml-6.0.3-cp313-cp313-win_amd64.whl", hash = "sha256:79005a0d97d5ddabfeeea4cf676af11e647e41d81c9a7722a193022accdb6b7c", size = 154090, upload-time = "2025-09-25T21:32:33.659Z" },
    { url = "https://files.pythonhosted.org/packages/73/e8/2bdf3ca2090f68bb3d75b44da7bbc71843b19c9f2b9cb9b0f4ab7a5a4329/pyyaml-6.0.3-cp313-cp313-win_arm64.whl", hash = "sha256:5498cd1645aa724a7c71c8f378eb29ebe23da2fc0d7a08071d89469bf1d2defb", size = 140246, upload-time = "2025-09-25T21:32:34.663Z" },
    { url = "https://files.pythonhosted.org/packages/9d/8c/f4bd7f6465179953d3ac9bc44ac1a8a3e6122cf8ada906b4f96c60172d43/pyyaml-6.0.3-cp314-cp314-macosx_10_13_x86_64.whl", hash = "sha256:8d1fab6bb153a416f9aeb4b8763bc0f22a5586065f86f7664fc23339fc1c1fac", size = 181814, upload-time = "2025-09-25T21:32:35.712Z" },
    { url = "https://files.pythonhosted.org/packages/bd/9c/4d95bb87eb2063d20db7b60faa3840c1b18025517ae857371c4dd55a6b3a/pyyaml-6.0.3-cp314-cp314-macosx_11_0_arm64.whl", hash = "sha256:34d5fcd24b8445fadc33f9cf348c1047101756fd760b4dacb5c3e99755703310", size = 173809, upload-time = "2025-09-25T21:32:36.789Z" },
    { url = "https://files.pythonhosted.org/packages/92/b5/47e807c2623074914e29dabd16cbbdd4bf5e9b2db9f8090fa64411fc5382/pyyaml-6.0.3-cp314-cp314-manylinux2014_aarch64.manylinux_2_17_aarch64.manylinux_2_28_aarch64.whl", hash = "sha256:501a031947e3a9025ed4405a168e6ef5ae3126c59f90ce0cd6f2bfc477be31b7", size = 766454, upload-time = "2025-09-25T21:32:37.966Z" },
    { url = "https://files.pythonhosted.org/packages/02/9e/e5e9b168be58564121efb3de6859c452fccde0ab093d8438905899a3a483/pyyaml-6.0.3-cp314-cp314-manylinux2014_s390x.manylinux_2_17_s390x.manylinux_2_28_s390x.whl", hash = "sha256:b3bc83488de33889877a0f2543ade9f70c67d66d9ebb4ac959502e12de895788", size = 836355, upload-time = "2025-09-25T21:32:39.178Z" },
    { url = "https://files.pythonhosted.org/packages/88/f9/16491d7ed2a919954993e48aa941b200f38040928474c9e85ea9e64222c3/pyyaml-6.0.3-cp314-cp314-manylinux2014_x86_64.manylinux_2_17_x86_64.manylinux_2_28_x86_64.whl", hash = "sha256:c458b6d084f9b935061bc36216e8a69a7e293a2f1e68bf956dcd9e6cbcd143f5", size = 794175, upload-time = "2025-09-25T21:32:40.865Z" },
    { url = "https://files.pythonhosted.org/packages/dd/3f/5989debef34dc6397317802b527dbbafb2b4760878a53d4166579111411e/pyyaml-6.0.3-cp314-cp314-musllinux_1_2_aarch64.whl", hash = "sha256:7c6610def4f163542a622a73fb39f534f8c101d690126992300bf3207eab9764", size = 755228, upload-time = "2025-09-25T21:32:42.084Z" },
    { url = "https://files.pythonhosted.org/packages/d7/ce/af88a49043cd2e265be63d083fc75b27b6ed062f5f9fd6cdc223ad62f03e/pyyaml-6.0.3-cp314-cp314-musllinux_1_2_x86_64.whl", hash = "sha256:5190d403f121660ce8d1d2c1bb2ef1bd05b5f68533fc5c2ea899bd15f4399b35", size = 789194, upload-time = "2025-09-25T21:32:43.362Z" },
    { url = "https://files.pythonhosted.org/packages/23/20/bb6982b26a40bb43951265ba29d4c246ef0ff59c9fdcdf0ed04e0687de4d/pyyaml-6.0.3-cp314-cp314-win_amd64.whl", hash = "sha256:4a2e8cebe2ff6ab7d1050ecd59c25d4c8bd7e6f400f5f82b96557ac0abafd0ac", size = 156429, upload-time = "2025-09-25T21:32:57.844Z" },
    { url = "https://files.pythonhosted.org/packages/f4/f4/a4541072bb9422c8a883ab55255f918fa378ecf083f5b85e87fc2b4eda1b/pyyaml-6.0.3-cp314-cp314-win_arm64.whl", hash = "sha256:93dda82c9c22deb0a405ea4dc5f2d0cda384168e466364dec6255b293923b2f3", size = 143912, upload-time = "2025-09-25T21:32:59.247Z" },
    { url = "https://files.pythonhosted.org/packages/7c/f9/07dd09ae774e4616edf6cda684ee78f97777bdd15847253637a6f052a62f/pyyaml-6.0.3-cp314-cp314t-macosx_10_13_x86_64.whl", hash = "sha256:02893d100e99e03eda1c8fd5c441d8c60103fd175728e23e431db1b589cf5ab3", size = 189108, upload-time = "2025-09-25T21:32:44.377Z" },
    { url = "https://files.pythonhosted.org/packages/4e/78/8d08c9fb7ce09ad8c38ad533c1191cf27f7ae1effe5bb9400a46d9437fcf/pyyaml-6.0.3-cp314-cp314t-macosx_11_0_arm64.whl", hash = "sha256:c1ff362665ae507275af2853520967820d9124984e0f7466736aea23d8611fba", size = 183641, upload-time = "2025-09-25T21:32:45.407Z" },
    { url = "https://files.pythonhosted.org/packages/7b/5b/3babb19104a46945cf816d047db2788bcaf8c94527a805610b0289a01c6b/pyyaml-6.0.3-cp314-cp314t-manylinux2014_aarch64.manylinux_2_17_aarch64.manylinux_2_28_aarch64.whl", hash = "sha256:6adc77889b628398debc7b65c073bcb99c4a0237b248cacaf3fe8a557563ef6c", size = 831901, upload-time = "2025-09-25T21:32:48.83Z" },
    { url = "https://files.pythonhosted.org/packages/8b/cc/dff0684d8dc44da4d22a13f35f073d558c268780ce3c6ba1b87055bb0b87/pyyaml-6.0.3-cp314-cp314t-manylinux2014_s390x.manylinux_2_17_s390x.manylinux_2_28_s390x.whl", hash = "sha256:a80cb027f6b349846a3bf6d73b5e95e782175e52f22108cfa17876aaeff93702", size = 861132, upload-time = "2025-09-25T21:32:50.149Z" },
    { url = "https://files.pythonhosted.org/packages/b1/5e/f77dc6b9036943e285ba76b49e118d9ea929885becb0a29ba8a7c75e29fe/pyyaml-6.0.3-cp314-cp314t-manylinux2014_x86_64.manylinux_2_17_x86_64.manylinux_2_28_x86_64.whl", hash = "sha256:00c4bdeba853cc34e7dd471f16b4114f4162dc03e6b7afcc2128711f0eca823c", size = 839261, upload-time = "2025-09-25T21:32:51.808Z" },
    { url = "https://files.pythonhosted.org/packages/ce/88/a9db1376aa2a228197c58b37302f284b5617f56a5d959fd1763fb1675ce6/pyyaml-6.0.3-cp314-cp314t-musllinux_1_2_aarch64.whl", hash = "sha256:66e1674c3ef6f541c35191caae2d429b967b99e02040f5ba928632d9a7f0f065", size = 805272, upload-time = "2025-09-25T21:32:52.941Z" },
    { url = "https://files.pythonhosted.org/packages/da/92/1446574745d74df0c92e6aa4a7b0b3130706a4142b2d1a5869f2eaa423c6/pyyaml-6.0.3-cp314-cp314t-musllinux_1_2_x86_64.whl", hash = "sha256:16249ee61e95f858e83976573de0f5b2893b3677ba71c9dd36b9cf8be9ac6d65", size = 829923, upload-time = "2025-09-25T21:32:54.537Z" },
    { url = "https://files.pythonhosted.org/packages/f0/7a/1c7270340330e575b92f397352af856a8c06f230aa3e76f86b39d01b416a/pyyaml-6.0.3-cp314-cp314t-win_amd64.whl", hash = "sha256:4ad1906908f2f5ae4e5a8ddfce73c320c2a1429ec52eafd27138b7f1cbe341c9", size = 174062, upload-time = "2025-09-25T21:32:55.767Z" },
    { url = "https://files.pythonhosted.org/packages/f1/12/de94a39c2ef588c7e6455cfbe7343d3b2dc9d6b6b2f40c4c6565744c873d/pyyaml-6.0.3-cp314-cp314t-win_arm64.whl", hash = "sha256:ebc55a14a21cb14062aa4162f906cd962b28e2e9ea38f9b4391244cd8de4ae0b", size = 149341, upload-time = "2025-09-25T21:32:56.828Z" },
]

[[package]]
name = "ruff"
version = "0.15.8"
source = { registry = "https://pypi.org/simple" }
sdist = { url = "https://files.pythonhosted.org/packages/14/b0/73cf7550861e2b4824950b8b52eebdcc5adc792a00c514406556c5b80817/ruff-0.15.8.tar.gz", hash = "sha256:995f11f63597ee362130d1d5a327a87cb6f3f5eae3094c620bcc632329a4d26e", size = 4610921, upload-time = "2026-03-26T18:39:38.675Z" }
wheels = [
    { url = "https://files.pythonhosted.org/packages/4a/92/c445b0cd6da6e7ae51e954939cb69f97e008dbe750cfca89b8cedc081be7/ruff-0.15.8-py3-none-linux_armv6l.whl", hash = "sha256:cbe05adeba76d58162762d6b239c9056f1a15a55bd4b346cfd21e26cd6ad7bc7", size = 10527394, upload-time = "2026-03-26T18:39:41.566Z" },
    { url = "https://files.pythonhosted.org/packages/eb/92/f1c662784d149ad1414cae450b082cf736430c12ca78367f20f5ed569d65/ruff-0.15.8-py3-none-macosx_10_12_x86_64.whl", hash = "sha256:d3e3d0b6ba8dca1b7ef9ab80a28e840a20070c4b62e56d675c24f366ef330570", size = 10905693, upload-time = "2026-03-26T18:39:30.364Z" },
    { url = "https://files.pythonhosted.org/packages/ca/f2/7a631a8af6d88bcef997eb1bf87cc3da158294c57044aafd3e17030613de/ruff-0.15.8-py3-none-macosx_11_0_arm64.whl", hash = "sha256:6ee3ae5c65a42f273f126686353f2e08ff29927b7b7e203b711514370d500de3", size = 10323044, upload-time = "2026-03-26T18:39:33.37Z" },
    { url = "https://files.pythonhosted.org/packages/67/18/1bf38e20914a05e72ef3b9569b1d5c70a7ef26cd188d69e9ca8ef588d5bf/ruff-0.15.8-py3-none-manylinux_2_17_aarch64.manylinux2014_aarch64.whl", hash = "sha256:fdce027ada77baa448077ccc6ebb2fa9c3c62fd110d8659d601cf2f475858d94", size = 10629135, upload-time = "2026-03-26T18:39:44.142Z" },
    { url = "https://files.pythonhosted.org/packages/d2/e9/138c150ff9af60556121623d41aba18b7b57d95ac032e177b6a53789d279/ruff-0.15.8-py3-none-manylinux_2_17_armv7l.manylinux2014_armv7l.whl", hash = "sha256:12e617fc01a95e5821648a6df341d80456bd627bfab8a829f7cfc26a14a4b4a3", size = 10348041, upload-time = "2026-03-26T18:39:52.178Z" },
    { url = "https://files.pythonhosted.org/packages/02/f1/5bfb9298d9c323f842c5ddeb85f1f10ef51516ac7a34ba446c9347d898df/ruff-0.15.8-py3-none-manylinux_2_17_i686.manylinux2014_i686.whl", hash = "sha256:432701303b26416d22ba696c39f2c6f12499b89093b61360abc34bcc9bf07762", size = 11121987, upload-time = "2026-03-26T18:39:55.195Z" },
    { url = "https://files.pythonhosted.org/packages/10/11/6da2e538704e753c04e8d86b1fc55712fdbdcc266af1a1ece7a51fff0d10/ruff-0.15.8-py3-none-manylinux_2_17_ppc64le.manylinux2014_ppc64le.whl", hash = "sha256:d910ae974b7a06a33a057cb87d2a10792a3b2b3b35e33d2699fdf63ec8f6b17a", size = 11951057, upload-time = "2026-03-26T18:39:19.18Z" },
    { url = "https://files.pythonhosted.org/packages/83/f0/c9208c5fd5101bf87002fed774ff25a96eea313d305f1e5d5744698dc314/ruff-0.15.8-py3-none-manylinux_2_17_s390x.manylinux2014_s390x.whl", hash = "sha256:2033f963c43949d51e6fdccd3946633c6b37c484f5f98c3035f49c27395a8ab8", size = 11464613, upload-time = "2026-03-26T18:40:06.301Z" },
    { url = "https://files.pythonhosted.org/packages/f8/22/d7f2fabdba4fae9f3b570e5605d5eb4500dcb7b770d3217dca4428484b17/ruff-0.15.8-py3-none-manylinux_2_17_x86_64.manylinux2014_x86_64.whl", hash = "sha256:0f29b989a55572fb885b77464cf24af05500806ab4edf9a0fd8977f9759d85b1", size = 11257557, upload-time = "2026-03-26T18:39:57.972Z" },
    { url = "https://files.pythonhosted.org/packages/71/8c/382a9620038cf6906446b23ce8632ab8c0811b8f9d3e764f58bedd0c9a6f/ruff-0.15.8-py3-none-manylinux_2_31_riscv64.whl", hash = "sha256:ac51d486bf457cdc985a412fb1801b2dfd1bd8838372fc55de64b1510eff4bec", size = 11169440, upload-time = "2026-03-26T18:39:22.205Z" },
    { url = "https://files.pythonhosted.org/packages/4d/0d/0994c802a7eaaf99380085e4e40c845f8e32a562e20a38ec06174b52ef24/ruff-0.15.8-py3-none-musllinux_1_2_aarch64.whl", hash = "sha256:c9861eb959edab053c10ad62c278835ee69ca527b6dcd72b47d5c1e5648964f6", size = 10605963, upload-time = "2026-03-26T18:39:46.682Z" },
    { url = "https://files.pythonhosted.org/packages/19/aa/d624b86f5b0aad7cef6bbf9cd47a6a02dfdc4f72c92a337d724e39c9d14b/ruff-0.15.8-py3-none-musllinux_1_2_armv7l.whl", hash = "sha256:8d9a5b8ea13f26ae90838afc33f91b547e61b794865374f114f349e9036835fb", size = 10357484, upload-time = "2026-03-26T18:39:49.176Z" },
    { url = "https://files.pythonhosted.org/packages/35/c3/e0b7835d23001f7d999f3895c6b569927c4d39912286897f625736e1fd04/ruff-0.15.8-py3-none-musllinux_1_2_i686.whl", hash = "sha256:c2a33a529fb3cbc23a7124b5c6ff121e4d6228029cba374777bd7649cc8598b8", size = 10830426, upload-time = "2026-03-26T18:40:03.702Z" },
    { url = "https://files.pythonhosted.org/packages/f0/51/ab20b322f637b369383adc341d761eaaa0f0203d6b9a7421cd6e783d81b9/ruff-0.15.8-py3-none-musllinux_1_2_x86_64.whl", hash = "sha256:75e5cd06b1cf3f47a3996cfc999226b19aa92e7cce682dcd62f80d7035f98f49", size = 11345125, upload-time = "2026-03-26T18:39:27.799Z" },
    { url = "https://files.pythonhosted.org/packages/37/e6/90b2b33419f59d0f2c4c8a48a4b74b460709a557e8e0064cf33ad894f983/ruff-0.15.8-py3-none-win32.whl", hash = "sha256:bc1f0a51254ba21767bfa9a8b5013ca8149dcf38092e6a9eb704d876de94dc34", size = 10571959, upload-time = "2026-03-26T18:39:36.117Z" },
    { url = "https://files.pythonhosted.org/packages/1f/a2/ef467cb77099062317154c63f234b8a7baf7cb690b99af760c5b68b9ee7f/ruff-0.15.8-py3-none-win_amd64.whl", hash = "sha256:04f79eff02a72db209d47d665ba7ebcad609d8918a134f86cb13dd132159fc89", size = 11743893, upload-time = "2026-03-26T18:39:25.01Z" },
    { url = "https://files.pythonhosted.org/packages/15/e2/77be4fff062fa78d9b2a4dea85d14785dac5f1d0c1fb58ed52331f0ebe28/ruff-0.15.8-py3-none-win_arm64.whl", hash = "sha256:cf891fa8e3bb430c0e7fac93851a5978fc99c8fa2c053b57b118972866f8e5f2", size = 11048175, upload-time = "2026-03-26T18:40:01.06Z" },
]

[[package]]
name = "setuptools"
version = "84.0.0"
source = { registry = "https://pypi.org/simple" }
sdist = { url = "https://files.pythonhosted.org/packages/6d/44/f5da03a8ef95d369145c5bb53050e7877c9f3d312e128605fd9504829143/setuptools-84.0.0.tar.gz", hash = "sha256:f4695c21257f0d9b537ec2692c941d02ee143b7cc1276941349a546573b2ef73", size = 1168449, upload-time = "2026-08-08T18:27:58.365Z" }
wheels = [
    { url = "https://files.pythonhosted.org/packages/95/9c/c510029fc6ef33a6275cd2c5d3cecd6613dfd6aa401d57c54f1c18852ccf/setuptools-84.0.0-py3-none-any.whl", hash = "sha256:51a52592b3b99e102b609654876bd65f19f999935166d1352678931132b0c670", size = 818216, upload-time = "2026-08-08T18:27:56.719Z" },
]

[[package]]
name = "typing-extensions"
version = "4.16.0"
source = { registry = "https://pypi.org/simple" }
sdist = { url = "https://files.pythonhosted.org/packages/f6/cc/6253133b5bb138fc3306cebfbda2c520f545d36b5be2c7255cc528bb45d6/typing_extensions-4.16.0.tar.gz", hash = "sha256:dc983d19a509c94dba722ee6abd33940f7c05a89e243c47e907eb4db6f1a43e5", size = 113555, upload-time = "2026-07-02T08:40:05.92Z" }
wheels = [
    { url = "https://files.pythonhosted.org/packages/49/d3/b8441a820a491ddfc024b0b0cf0393375b75ea13866d9c66727e54c2fc80/typing_extensions-4.16.0-py3-none-any.whl", hash = "sha256:481caa481374e813c1b176ada14e97f1f67a4539ce9cfeb3f350d78d6370c2e8", size = 45571, upload-time = "2026-07-02T08:40:04.659Z" },
]
